
Microsoft Visual Studio Solution File, Format Version 12.00
# Visual Studio 15
VisualStudioVersion = 15.0.27428.2027
MinimumVisualStudioVersion = 10.0.40219.1
Project("{8BC9CEB8-8B4A-11D0-8D11-00A0C91BC942}") = "SecretWord", "SecretWord\SecretWord.vcxproj", "{9E0A1BC3-3791-4F2D-B0F5-718C2A4D65B2}"
EndProject
Global
	GlobalSection(SolutionConfigurationPlatforms) = preSolution
		Debug|x64 = Debug|x64
		Debug|x86 = Debug|x86
		Release|x64 = Release|x64
		Release|x86 = Release|x86
	EndGlobalSection
	GlobalSection(ProjectConfigurationPlatforms) = postSolution
		{9E0A1BC3-3791-4F2D-B0F5-718C2A4D65B2}.Debug|x64.ActiveCfg = Debug|x64
		{9E0A1BC3-3791-4F2D-B0F5-718C2A4D65B2}.Debug|x64.Build.0 = Debug|x64
		{9E0A1BC3-3791-4F2D-B0F5-718C2A4D65B2}.Debug|x86.ActiveCfg = Debug|Win32
		{9E0A1BC3-3791-4F2D-B0F5-718C2A4D65B2}.Debug|x86.Build.0 = Debug|Win32
		{9E0A1BC3-3791-4F2D-B0F5-718C2A4D65B2}.Release|x64.ActiveCfg = Release|x64
		{9E0A1BC3-3791-4F2D-B0F5-718C2A4D65B2}.Release|x64.Build.0 = Release|x64
		{9E0A1BC3-3791-4F2D-B0F5-718C2A4D65B2}.Release|x86.ActiveCfg = Release|Win32
		{9E0A1BC3-3791-4F2D-B0F5-718C2A4D65B2}.Release|x86.Build.0 = Release|Win32
	EndGlobalSection
	GlobalSection(SolutionProperties) = preSolution
		HideSolutionNode = FALSE
	EndGlobalSection
	GlobalSection(ExtensibilityGlobals) = postSolution
		SolutionGuid = {0020DC28-BA0B-482B-A757-C126FD100957}
	EndGlobalSection
EndGlobal
